{
  "name": "spaservicessampleapp",
  "version": "0.0.0",
  "lockfileVersion": 1,
  "requires": true,
  "dependencies": {
    "@angular/animations": {
      "version": "4.1.2",
      "resolved": "https://registry.npmjs.org/@angular/animations/-/animations-4.1.2.tgz",
      "integrity": "sha1-M3FZbnNrfSQOIAR30N2MWSk1ISQ="
    },
    "@angular/common": {
      "version": "4.1.2",
      "resolved": "https://registry.npmjs.org/@angular/common/-/common-4.1.2.tgz",
      "integrity": "sha1-j20ElsIEIQv+JV/rQ3pyJT8GmE0="
    },
    "@angular/compiler": {
      "version": "4.1.2",
      "resolved": "https://registry.npmjs.org/@angular/compiler/-/compiler-4.1.2.tgz",
      "integrity": "sha1-CVQjgRYv2N2WLYRVlJjOaaBQceo="
    },
    "@angular/core": {
      "version": "11.0.5",
      "resolved": "https://registry.npmjs.org/@angular/core/-/core-11.0.5.tgz",
      "integrity": "sha512-XAXWQi7R3ucZXQwx9QK5jSKJeQyRJ53u2dQDpr7R5stzeCy1a5hrNOkZLg9zOTTPcth/6+FrOrRZP9SMdxtw3w==",
      "requires": {
        "tslib": "^2.0.0"
      }
    },
    "@angular/forms": {
      "version": "4.1.2",
      "resolved": "https://registry.npmjs.org/@angular/forms/-/forms-4.1.2.tgz",
      "integrity": "sha1-gpg+nsXQgz564UvrjkfdNXyI9JA="
    },
    "@angular/http": {
      "version": "4.1.2",
      "resolved": "https://registry.npmjs.org/@angular/http/-/http-4.1.2.tgz",
      "integrity": "sha1-/DeMMzDAQQ4fuKrCVGMppoh3duQ="
    },
    "@angular/platform-browser": {
      "version": "4.1.2",
      "resolved": "https://registry.npmjs.org/@angular/platform-browser/-/platform-browser-4.1.2.tgz",
      "integrity": "sha1-FuUKj3W01nXJ4pA+SZ4P5MahJaw="
    },
    "@angular/platform-browser-dynamic": {
      "version": "4.1.2",
      "resolved": "https://registry.npmjs.org/@angular/platform-browser-dynamic/-/platform-browser-dynamic-4.1.2.tgz",
      "integrity": "sha1-0kHGF5LHlL7GJ6tksxpmvqIqu58="
    },
    "@angular/platform-server": {
      "version": "4.1.2",
      "resolved": "https://registry.npmjs.org/@angular/platform-server/-/platform-server-4.1.2.tgz",
      "integrity": "sha1-PvIgaln9LRONJnqtEBpQ09gG45w="
    },
    "@angular/router": {
      "version": "4.1.2",
      "resolved": "https://registry.npmjs.org/@angular/router/-/router-4.1.2.tgz",
      "integrity": "sha1-MbGxJv7C4cMvRVfvjrYFU2rcyyc="
    },
    "@types/chai": {
      "version": "3.5.2",
      "resolved": "https://registry.npmjs.org/@types/chai/-/chai-3.5.2.tgz",
      "integrity": "sha1-wRzSgX06QBt7oPWkIPNcVhObHB4=",
      "dev": true
    },
    "@types/jasmine": {
      "version": "2.5.47",
      "resolved": "https://registry.npmjs.org/@types/jasmine/-/jasmine-2.5.47.tgz",
      "integrity": "sha1-u7qbzw6V54kMb0pHOU6LrKqWDrY=",
      "dev": true
    },
    "@types/node": {
      "version": "7.0.18",
      "resolved": "https://registry.npmjs.org/@types/node/-/node-7.0.18.tgz",
      "integrity": "sha1-zWfyfT3Az7dG8L3V4IbExdVb4XM="
    },
    "angular-router-loader": {
      "version": "0.6.0",
      "resolved": "https://registry.npmjs.org/angular-router-loader/-/angular-router-loader-0.6.0.tgz",
      "integrity": "sha1-bHyvfx6mrMbivGgs75GjQ+mn87U=",
      "dev": true,
      "dependencies": {
        "loader-utils": {
          "version": "1.1.0",
          "resolved": "https://registry.npmjs.org/loader-utils/-/loader-utils-1.1.0.tgz",
          "integrity": "sha1-yYrvSIvM7aL/teLeZG1qdUQp9c0="
        }
      }
    },
    "angular2-template-loader": {
      "version": "0.6.2",
      "resolved": "https://registry.npmjs.org/angular2-template-loader/-/angular2-template-loader-0.6.2.tgz",
      "integrity": "sha1-wNROkP/w+sleiyPwQ6zaf9HFHXw="
    },
    "aspnet-prerendering": {
      "version": "2.0.5",
      "resolved": "https://registry.npmjs.org/aspnet-prerendering/-/aspnet-prerendering-2.0.5.tgz",
      "integrity": "sha1-/ODCIhJVb3gBrojdDhsWl5rqNhE="
    },
    "aspnet-webpack": {
      "version": "1.0.29",
      "resolved": "https://registry.npmjs.org/aspnet-webpack/-/aspnet-webpack-1.0.29.tgz",
      "integrity": "sha1-X+F9gJ3et4JpB62Y/yFW8cF+0Ik="
    },
    "awesome-typescript-loader": {
      "version": "3.1.3",
      "resolved": "https://registry.npmjs.org/awesome-typescript-loader/-/awesome-typescript-loader-3.1.3.tgz",
      "integrity": "sha1-frQd+xNsLqDgmb7wONxwxF+BAiM=",
      "dependencies": {
        "loader-utils": {
          "version": "1.1.0",
          "resolved": "https://registry.npmjs.org/loader-utils/-/loader-utils-1.1.0.tgz",
          "integrity": "sha1-yYrvSIvM7aL/teLeZG1qdUQp9c0="
        }
      }
    },
    "bootstrap": {
      "version": "3.3.7",
      "resolved": "https://registry.npmjs.org/bootstrap/-/bootstrap-3.3.7.tgz",
      "integrity": "sha1-WjiTlFSfIzMIdaOxUGVldPip63E="
    },
    "chai": {
      "version": "3.5.0",
      "resolved": "https://registry.npmjs.org/chai/-/chai-3.5.0.tgz",
      "integrity": "sha1-TQJjewZ/6Vi9v906QOxW/vc3Mkc=",
      "dev": true
    },
    "css": {
      "version": "2.2.1",
      "resolved": "https://registry.npmjs.org/css/-/css-2.2.1.tgz",
      "integrity": "sha1-c6TIHehdtmTU7mdPfUcIXjstVdw=",
      "dependencies": {
        "source-map": {
          "version": "0.1.43",
          "resolved": "https://registry.npmjs.org/source-map/-/source-map-0.1.43.tgz",
          "integrity": "sha1-wkvBRspRfBRx9drL4lcbK3+eM0Y="
        }
      }
    },
    "css-loader": {
      "version": "0.28.1",
      "resolved": "https://registry.npmjs.org/css-loader/-/css-loader-0.28.1.tgz",
      "integrity": "sha1-IgMlWZ+PAEUtnOtMPKbIpmeYZC0=",
      "dependencies": {
        "loader-utils": {
          "version": "1.1.0",
          "resolved": "https://registry.npmjs.org/loader-utils/-/loader-utils-1.1.0.tgz",
          "integrity": "sha1-yYrvSIvM7aL/teLeZG1qdUQp9c0="
        }
      }
    },
    "es6-shim": {
      "version": "0.35.3",
      "resolved": "https://registry.npmjs.org/es6-shim/-/es6-shim-0.35.3.tgz",
      "integrity": "sha1-m/tzY/7//4emzbbNk+QF7DxLbyY="
    },
    "event-source-polyfill": {
      "version": "0.0.9",
      "resolved": "https://registry.npmjs.org/event-source-polyfill/-/event-source-polyfill-0.0.9.tgz",
      "integrity": "sha1-GMYgXRcKsJ24if/OqjPw5JPxSlA="
    },
    "expose-loader": {
      "version": "0.7.3",
      "resolved": "https://registry.npmjs.org/expose-loader/-/expose-loader-0.7.3.tgz",
      "integrity": "sha1-NfvTZZeJ5PqoH1nei36fw55GbVE="
    },
    "extract-text-webpack-plugin": {
      "version": "2.1.0",
      "resolved": "https://registry.npmjs.org/extract-text-webpack-plugin/-/extract-text-webpack-plugin-2.1.0.tgz",
      "integrity": "sha1-aTFbiF+Hbb+W04Gfap8cynrr8Vk=",
      "dependencies": {
        "loader-utils": {
          "version": "1.1.0",
          "resolved": "https://registry.npmjs.org/loader-utils/-/loader-utils-1.1.0.tgz",
          "integrity": "sha1-yYrvSIvM7aL/teLeZG1qdUQp9c0="
        }
      }
    },
    "file-loader": {
      "version": "0.11.1",
      "resolved": "https://registry.npmjs.org/file-loader/-/file-loader-0.11.1.tgz",
      "integrity": "sha1-azKO4SNKcp5OR9Njdd1tNcDh24Q=",
      "dependencies": {
        "loader-utils": {
          "version": "1.1.0",
          "resolved": "https://registry.npmjs.org/loader-utils/-/loader-utils-1.1.0.tgz",
          "integrity": "sha1-yYrvSIvM7aL/teLeZG1qdUQp9c0="
        }
      }
    },
    "html-loader": {
      "version": "0.4.5",
      "resolved": "https://registry.npmjs.org/html-loader/-/html-loader-0.4.5.tgz",
      "integrity": "sha1-X7zYfNY6XEmn/OL+VvQl4Fcpxow=",
      "dependencies": {
        "loader-utils": {
          "version": "1.1.0",
          "resolved": "https://registry.npmjs.org/loader-utils/-/loader-utils-1.1.0.tgz",
          "integrity": "sha1-yYrvSIvM7aL/teLeZG1qdUQp9c0="
        }
      }
    },
    "isomorphic-fetch": {
      "version": "2.2.1",
      "resolved": "https://registry.npmjs.org/isomorphic-fetch/-/isomorphic-fetch-2.2.1.tgz",
      "integrity": "sha1-YRrhrPFPXoH3KVB0coGf6XM1WKk="
    },
    "jasmine-core": {
      "version": "2.6.1",
      "resolved": "https://registry.npmjs.org/jasmine-core/-/jasmine-core-2.6.1.tgz",
      "integrity": "sha1-ZqYc3baZlY42E+3vNGyZb2MR/Ds=",
      "dev": true
    },
    "jquery": {
      "version": "3.2.1",
      "resolved": "https://registry.npmjs.org/jquery/-/jquery-3.2.1.tgz",
      "integrity": "sha1-XE2d5lKvbNCncBVKYxu6ErAVx4c="
    },
    "json-loader": {
      "version": "0.5.4",
      "resolved": "https://registry.npmjs.org/json-loader/-/json-loader-0.5.4.tgz",
      "integrity": "sha1-i6oTZaYy9Yo8RtIBdfxgAsluN94="
    },
    "karma": {
      "version": "1.7.0",
      "resolved": "https://registry.npmjs.org/karma/-/karma-1.7.0.tgz",
      "integrity": "sha1-b3oaQGRG+i4YfslTmGmPTO5HYmk=",
      "dev": true,
      "dependencies": {
        "lodash": {
          "version": "3.10.1",
          "resolved": "https://registry.npmjs.org/lodash/-/lodash-3.10.1.tgz",
          "integrity": "sha1-W/Rejkm6QYnhfUgnid/RW9FAt7Y="
        }
      }
    },
    "karma-chai": {
      "version": "0.1.0",
      "resolved": "https://registry.npmjs.org/karma-chai/-/karma-chai-0.1.0.tgz",
      "integrity": "sha1-vuWtQEAFF4Ea40u5RfdikJEIt5o=",
      "dev": true
    },
    "karma-chrome-launcher": {
      "version": "2.1.1",
      "resolved": "https://registry.npmjs.org/karma-chrome-launcher/-/karma-chrome-launcher-2.1.1.tgz",
      "integrity": "sha1-IWh5xorATY1RQOmWGboEtZr9Rs8=",
      "dev": true
    },
    "karma-cli": {
      "version": "1.0.1",
      "resolved": "https://registry.npmjs.org/karma-cli/-/karma-cli-1.0.1.tgz",
      "integrity": "sha1-rmw8WKMTodALRRZMRVubhs4X+WA=",
      "dev": true
    },
    "karma-jasmine": {
      "version": "1.1.0",
      "resolved": "https://registry.npmjs.org/karma-jasmine/-/karma-jasmine-1.1.0.tgz",
      "integrity": "sha1-IuTAa/mhguUpTR9wXjczgRuBCs8=",
      "dev": true
    },
    "karma-webpack": {
      "version": "2.0.3",
      "resolved": "https://registry.npmjs.org/karma-webpack/-/karma-webpack-2.0.3.tgz",
      "integrity": "sha1-Oc6/XKJYATmyf5rmm3iBa5yC+uY=",
      "dev": true,
      "dependencies": {
        "async": {
          "version": "0.9.2",
          "resolved": "https://registry.npmjs.org/async/-/async-0.9.2.tgz",
          "integrity": "sha1-rqdNXmHB+JlhO/ZL2mbUx48v0X0="
        },
        "lodash": {
          "version": "3.10.1",
          "resolved": "https://registry.npmjs.org/lodash/-/lodash-3.10.1.tgz",
          "integrity": "sha1-W/Rejkm6QYnhfUgnid/RW9FAt7Y="
        },
        "source-map": {
          "version": "0.1.43",
          "resolved": "https://registry.npmjs.org/source-map/-/source-map-0.1.43.tgz",
          "integrity": "sha1-wkvBRspRfBRx9drL4lcbK3+eM0Y="
        }
      }
    },
    "preboot": {
      "version": "4.5.2",
      "resolved": "https://registry.npmjs.org/preboot/-/preboot-4.5.2.tgz",
      "integrity": "sha1-yzSSCZWMK0jX90E3s0mbu+VHKl4="
    },
    "raw-loader": {
      "version": "0.5.1",
      "resolved": "https://registry.npmjs.org/raw-loader/-/raw-loader-0.5.1.tgz",
      "integrity": "sha1-DD0L6u2KAclm2Xh793goElKpeao="
    },
    "reflect-metadata": {
      "version": "0.1.10",
      "resolved": "https://registry.npmjs.org/reflect-metadata/-/reflect-metadata-0.1.10.tgz",
      "integrity": "sha1-tPg3BEFqytiZiMmxVjXUfgO5NEo="
    },
    "rxjs": {
      "version": "5.4.0",
      "resolved": "https://registry.npmjs.org/rxjs/-/rxjs-5.4.0.tgz",
      "integrity": "sha1-p9sUqxV/nXqsalbmVeejhg05vyY="
    },
    "style-loader": {
      "version": "0.17.0",
      "resolved": "https://registry.npmjs.org/style-loader/-/style-loader-0.17.0.tgz",
      "integrity": "sha1-6CVLzNt690vVgnTjYQe01atN8xA=",
      "dependencies": {
        "loader-utils": {
          "version": "1.1.0",
          "resolved": "https://registry.npmjs.org/loader-utils/-/loader-utils-1.1.0.tgz",
          "integrity": "sha1-yYrvSIvM7aL/teLeZG1qdUQp9c0="
        }
      }
    },
    "to-string-loader": {
      "version": "1.1.5",
      "resolved": "https://registry.npmjs.org/to-string-loader/-/to-string-loader-1.1.5.tgz",
      "integrity": "sha1-e3qheJG3u0lHp6Eb+wO1/enG5pU="
    },
    "tslib": {
      "version": "2.4.0",
      "resolved": "https://registry.npmjs.org/tslib/-/tslib-2.4.0.tgz",
      "integrity": "sha512-d6xOpEDfsi2CZVlPQzGeux8XMwLT9hssAsaPYExaQMuYskwb+x1x7J371tWlbBdWHroy99KnVB6qIkUbs5X3UQ=="
    },
    "typescript": {
      "version": "2.3.2",
      "resolved": "https://registry.npmjs.org/typescript/-/typescript-2.3.2.tgz",
      "integrity": "sha1-8PBF4Zb2mnLwayX9O9OdAcPOmYQ="
    },
    "url-loader": {
      "version": "0.5.8",
      "resolved": "https://registry.npmjs.org/url-loader/-/url-loader-0.5.8.tgz",
      "integrity": "sha1-uRg7GAHg+EdxhnNnMEC8ncHHFcU=",
      "dependencies": {
        "loader-utils": {
          "version": "1.1.0",
          "resolved": "https://registry.npmjs.org/loader-utils/-/loader-utils-1.1.0.tgz",
          "integrity": "sha1-yYrvSIvM7aL/teLeZG1qdUQp9c0="
        }
      }
    },
    "webpack": {
      "version": "2.5.1",
      "resolved": "https://registry.npmjs.org/webpack/-/webpack-2.5.1.tgz",
      "integrity": "sha1-YXQvDPivVVuHRgqc2Lui8ePuL84=",
      "dependencies": {
        "memory-fs": {
          "version": "0.4.1",
          "resolved": "https://registry.npmjs.org/memory-fs/-/memory-fs-0.4.1.tgz",
          "integrity": "sha1-OpoguEYlI+RHz7x+i7gO1me/xVI="
        },
        "source-list-map": {
          "version": "1.1.2",
          "resolved": "https://registry.npmjs.org/source-list-map/-/source-list-map-1.1.2.tgz",
          "integrity": "sha1-mIkBnRAkzOVc3AaUmDN+9hhqEaE="
        },
        "supports-color": {
          "version": "3.2.3",
          "resolved": "https://registry.npmjs.org/supports-color/-/supports-color-3.2.3.tgz",
          "integrity": "sha1-ZawFBLOVQXHYpklGsq48u4pfVPY="
        },
        "uglify-js": {
          "version": "2.8.29",
          "resolved": "https://registry.npmjs.org/uglify-js/-/uglify-js-2.8.29.tgz",
          "integrity": "sha1-KcVzMUgFe7Th913zW3qcty5qWd0=",
          "dependencies": {
            "yargs": {
              "version": "3.10.0",
              "resolved": "https://registry.npmjs.org/yargs/-/yargs-3.10.0.tgz",
              "integrity": "sha1-9+572FfdfB0tOMDnTvvWgdFDH9E="
            }
          }
        },
        "webpack-sources": {
          "version": "0.2.3",
          "resolved": "https://registry.npmjs.org/webpack-sources/-/webpack-sources-0.2.3.tgz",
          "integrity": "sha1-F8Yr+vE8cH+dAsR54Nzd6DgGl/s="
        }
      }
    },
    "webpack-hot-middleware": {
      "version": "2.18.0",
      "resolved": "https://registry.npmjs.org/webpack-hot-middleware/-/webpack-hot-middleware-2.18.0.tgz",
      "integrity": "sha1-oWu1Nbg6aslKeKxevOTzBZ6CdNM="
    },
    "webpack-merge": {
      "version": "4.1.0",
      "resolved": "https://registry.npmjs.org/webpack-merge/-/webpack-merge-4.1.0.tgz",
      "integrity": "sha1-atciI7PguDflMeRZfBmfkJNhUR4="
    },
    "zone.js": {
      "version": "0.8.10",
      "resolved": "https://registry.npmjs.org/zone.js/-/zone.js-0.8.10.tgz",
      "integrity": "sha1-bRtpZJLAKc2+gI5Z6Hu9lJG5iqg="
    }
  }
}
